
Microsoft Visual Studio Solution File, Format Version 12.00
Project("{FAE04EC0-301F-11D3-BF4B-00C04F79EFBC}") = "Flaskehalsen.Service", "Flaskehalsen.Service\Flaskehalsen.Service.csproj", "{492A4EAA-AA4F-469B-8757-B19E49A7175F}"
EndProject
Project("{FAE04EC0-301F-11D3-BF4B-00C04F79EFBC}") = "Flaskehalsen.Data", "Flaskehalsen.Data\Flaskehalsen.Data.csproj", "{15D2B467-10DC-4538-9086-EE06CDD6B398}"
EndProject
Project("{FAE04EC0-301F-11D3-BF4B-00C04F79EFBC}") = "Flaskehalsen.Tests", "Flaskehalsen.Tests\Flaskehalsen.Tests.csproj", "{B82D9C04-6512-4143-8E00-7FD170EE6C1F}"
EndProject
Global
	GlobalSection(SolutionConfigurationPlatforms) = preSolution
		Debug|Any CPU = Debug|Any CPU
		Release|Any CPU = Release|Any CPU
	EndGlobalSection
	GlobalSection(ProjectConfigurationPlatforms) = postSolution
		{492A4EAA-AA4F-469B-8757-B19E49A7175F}.Debug|Any CPU.ActiveCfg = Debug|Any CPU
		{492A4EAA-AA4F-469B-8757-B19E49A7175F}.Debug|Any CPU.Build.0 = Debug|Any CPU
		{492A4EAA-AA4F-469B-8757-B19E49A7175F}.Release|Any CPU.ActiveCfg = Release|Any CPU
		{492A4EAA-AA4F-469B-8757-B19E49A7175F}.Release|Any CPU.Build.0 = Release|Any CPU
		{15D2B467-10DC-4538-9086-EE06CDD6B398}.Debug|Any CPU.ActiveCfg = Debug|Any CPU
		{15D2B467-10DC-4538-9086-EE06CDD6B398}.Debug|Any CPU.Build.0 = Debug|Any CPU
		{15D2B467-10DC-4538-9086-EE06CDD6B398}.Release|Any CPU.ActiveCfg = Release|Any CPU
		{15D2B467-10DC-4538-9086-EE06CDD6B398}.Release|Any CPU.Build.0 = Release|Any CPU
		{B82D9C04-6512-4143-8E00-7FD170EE6C1F}.Debug|Any CPU.ActiveCfg = Debug|Any CPU
		{B82D9C04-6512-4143-8E00-7FD170EE6C1F}.Debug|Any CPU.Build.0 = Debug|Any CPU
		{B82D9C04-6512-4143-8E00-7FD170EE6C1F}.Release|Any CPU.ActiveCfg = Release|Any CPU
		{B82D9C04-6512-4143-8E00-7FD170EE6C1F}.Release|Any CPU.Build.0 = Release|Any CPU
	EndGlobalSection
EndGlobal
